
Microsoft Visual Studio Solution File, Format Version 12.00
# Visual Studio Version 16
VisualStudioVersion = 16.0.31025.218
MinimumVisualStudioVersion = 10.0.40219.1
Project("{9A19103F-16F7-4668-BE54-9A1E7A4F7556}") = "VisualTests", "VisualTests\VisualTests.csproj", "{3C06FD17-74D6-486A-A310-731381A8772A}"
EndProject
Project("{9A19103F-16F7-4668-BE54-9A1E7A4F7556}") = "CySoft.Geometry", "CySoft.Geometry\CySoft.Geometry.csproj", "{8C4AD09E-C988-4E70-91D5-F287760BCB7C}"
EndProject
Global
	GlobalSection(SolutionConfigurationPlatforms) = preSolution
		Debug|Any CPU = Debug|Any CPU
		Release|Any CPU = Release|Any CPU
	EndGlobalSection
	GlobalSection(ProjectConfigurationPlatforms) = postSolution
		{3C06FD17-74D6-486A-A310-731381A8772A}.Debug|Any CPU.ActiveCfg = Debug|Any CPU
		{3C06FD17-74D6-486A-A310-731381A8772A}.Debug|Any CPU.Build.0 = Debug|Any CPU
		{3C06FD17-74D6-486A-A310-731381A8772A}.Release|Any CPU.ActiveCfg = Release|Any CPU
		{3C06FD17-74D6-486A-A310-731381A8772A}.Release|Any CPU.Build.0 = Release|Any CPU
		{8C4AD09E-C988-4E70-91D5-F287760BCB7C}.Debug|Any CPU.ActiveCfg = Debug|Any CPU
		{8C4AD09E-C988-4E70-91D5-F287760BCB7C}.Debug|Any CPU.Build.0 = Debug|Any CPU
		{8C4AD09E-C988-4E70-91D5-F287760BCB7C}.Release|Any CPU.ActiveCfg = Release|Any CPU
		{8C4AD09E-C988-4E70-91D5-F287760BCB7C}.Release|Any CPU.Build.0 = Release|Any CPU
	EndGlobalSection
	GlobalSection(SolutionProperties) = preSolution
		HideSolutionNode = FALSE
	EndGlobalSection
	GlobalSection(ExtensibilityGlobals) = postSolution
		SolutionGuid = {AD5DB1E9-9DD9-4651-A745-7859F41D4BE5}
	EndGlobalSection
EndGlobal
